
Microsoft Visual Studio Solution File, Format Version 12.00
# Visual Studio 14
VisualStudioVersion = 14.0.25123.0
MinimumVisualStudioVersion = 10.0.40219.1
Project("{FAE04EC0-301F-11D3-BF4B-00C04F79EFBC}") = "Application.WebApi", "Application.WebApi\Application.WebApi.csproj", "{9EB8FE32-6D1C-42D2-854B-6E19BEE054A5}"
EndProject
Project("{FAE04EC0-301F-11D3-BF4B-00C04F79EFBC}") = "Application.Service", "Application.Service\Application.Service.csproj", "{4015176F-4673-45DA-B0B8-2A3EF998713D}"
EndProject
Project("{FAE04EC0-301F-11D3-BF4B-00C04F79EFBC}") = "Application.Data", "Application.Data\Application.Data.csproj", "{AFDCFFD4-381E-4C74-A2E4-7D89885118E5}"
EndProject
Global
	GlobalSection(SolutionConfigurationPlatforms) = preSolution
		Debug|Any CPU = Debug|Any CPU
		Release|Any CPU = Release|Any CPU
	EndGlobalSection
	GlobalSection(ProjectConfigurationPlatforms) = postSolution
		{9EB8FE32-6D1C-42D2-854B-6E19BEE054A5}.Debug|Any CPU.ActiveCfg = Debug|Any CPU
		{9EB8FE32-6D1C-42D2-854B-6E19BEE054A5}.Debug|Any CPU.Build.0 = Debug|Any CPU
		{9EB8FE32-6D1C-42D2-854B-6E19BEE054A5}.Release|Any CPU.ActiveCfg = Release|Any CPU
		{9EB8FE32-6D1C-42D2-854B-6E19BEE054A5}.Release|Any CPU.Build.0 = Release|Any CPU
		{4015176F-4673-45DA-B0B8-2A3EF998713D}.Debug|Any CPU.ActiveCfg = Debug|Any CPU
		{4015176F-4673-45DA-B0B8-2A3EF998713D}.Debug|Any CPU.Build.0 = Debug|Any CPU
		{4015176F-4673-45DA-B0B8-2A3EF998713D}.Release|Any CPU.ActiveCfg = Release|Any CPU
		{4015176F-4673-45DA-B0B8-2A3EF998713D}.Release|Any CPU.Build.0 = Release|Any CPU
		{AFDCFFD4-381E-4C74-A2E4-7D89885118E5}.Debug|Any CPU.ActiveCfg = Debug|Any CPU
		{AFDCFFD4-381E-4C74-A2E4-7D89885118E5}.Debug|Any CPU.Build.0 = Debug|Any CPU
		{AFDCFFD4-381E-4C74-A2E4-7D89885118E5}.Release|Any CPU.ActiveCfg = Release|Any CPU
		{AFDCFFD4-381E-4C74-A2E4-7D89885118E5}.Release|Any CPU.Build.0 = Release|Any CPU
	EndGlobalSection
	GlobalSection(SolutionProperties) = preSolution
		HideSolutionNode = FALSE
	EndGlobalSection
EndGlobal
